
Microsoft Visual Studio Solution File, Format Version 12.00
# Visual Studio Version 16
VisualStudioVersion = 16.0.32126.315
MinimumVisualStudioVersion = 10.0.40219.1
Project("{9A19103F-16F7-4668-BE54-9A1E7A4F7556}") = "1-OlaMundo", "1-OlaMundo\1-OlaMundo.csproj", "{7A05CFE0-6499-4555-8A82-F81E33347467}"
EndProject
Project("{9A19103F-16F7-4668-BE54-9A1E7A4F7556}") = "2-CriandoVariaveis", "2-CriandoVariaveis\2-CriandoVariaveis.csproj", "{19B5268E-39E5-4ADE-B634-C4A70CE6981A}"
EndProject
Project("{9A19103F-16F7-4668-BE54-9A1E7A4F7556}") = "3-PontosFlutuantes", "3-PontosFlutuantes\3-PontosFlutuantes.csproj", "{A61583C8-13ED-49CD-8870-5757EF55C762}"
EndProject
Project("{9A19103F-16F7-4668-BE54-9A1E7A4F7556}") = "4-ConversoesEOutrosTipos", "4-ConversoesEOutrosTipos\4-ConversoesEOutrosTipos.csproj", "{CB7CF38F-D45E-4DD2-B7F3-83F15F87FC40}"
EndProject
Project("{9A19103F-16F7-4668-BE54-9A1E7A4F7556}") = "5-CaracteresETexto", "5-CaracteresETexto\5-CaracteresETexto.csproj", "{4F156BF2-0965-4433-86E0-419AD3B2A837}"
EndProject
Project("{FAE04EC0-301F-11D3-BF4B-00C04F79EFBC}") = "6-AtribuicoesDeVariaveis", "6-AtribuicoesDeVariaveis\6-AtribuicoesDeVariaveis.csproj", "{ED4EA95A-55F7-4B91-A055-15B7E47F552E}"
EndProject
Project("{FAE04EC0-301F-11D3-BF4B-00C04F79EFBC}") = "7-Condicionais", "7-Condicionais\7-Condicionais.csproj", "{2C9260A1-9909-46F3-AEA2-227745119721}"
EndProject
Project("{FAE04EC0-301F-11D3-BF4B-00C04F79EFBC}") = "8-Condicionais2", "8-Condicionais2\8-Condicionais2.csproj", "{FF852ED0-C5D6-43AB-AF25-B020502E6F57}"
EndProject
Project("{FAE04EC0-301F-11D3-BF4B-00C04F79EFBC}") = "9-Escopo", "9-Escopo\9-Escopo.csproj", "{6A952341-8387-4B53-BE8C-37FFF380ECA6}"
EndProject
Project("{FAE04EC0-301F-11D3-BF4B-00C04F79EFBC}") = "ImpostoDeRenda", "ImpostoDeRenda\ImpostoDeRenda.csproj", "{AE1C4AA1-F7AF-4B60-8C6C-356DE9027A8F}"
EndProject
Global
	GlobalSection(SolutionConfigurationPlatforms) = preSolution
		Debug|Any CPU = Debug|Any CPU
		Release|Any CPU = Release|Any CPU
	EndGlobalSection
	GlobalSection(ProjectConfigurationPlatforms) = postSolution
		{7A05CFE0-6499-4555-8A82-F81E33347467}.Debug|Any CPU.ActiveCfg = Debug|Any CPU
		{7A05CFE0-6499-4555-8A82-F81E33347467}.Debug|Any CPU.Build.0 = Debug|Any CPU
		{7A05CFE0-6499-4555-8A82-F81E33347467}.Release|Any CPU.ActiveCfg = Release|Any CPU
		{7A05CFE0-6499-4555-8A82-F81E33347467}.Release|Any CPU.Build.0 = Release|Any CPU
		{19B5268E-39E5-4ADE-B634-C4A70CE6981A}.Debug|Any CPU.ActiveCfg = Debug|Any CPU
		{19B5268E-39E5-4ADE-B634-C4A70CE6981A}.Debug|Any CPU.Build.0 = Debug|Any CPU
		{19B5268E-39E5-4ADE-B634-C4A70CE6981A}.Release|Any CPU.ActiveCfg = Release|Any CPU
		{19B5268E-39E5-4ADE-B634-C4A70CE6981A}.Release|Any CPU.Build.0 = Release|Any CPU
		{A61583C8-13ED-49CD-8870-5757EF55C762}.Debug|Any CPU.ActiveCfg = Debug|Any CPU
		{A61583C8-13ED-49CD-8870-5757EF55C762}.Debug|Any CPU.Build.0 = Debug|Any CPU
		{A61583C8-13ED-49CD-8870-5757EF55C762}.Release|Any CPU.ActiveCfg = Release|Any CPU
		{A61583C8-13ED-49CD-8870-5757EF55C762}.Release|Any CPU.Build.0 = Release|Any CPU
		{CB7CF38F-D45E-4DD2-B7F3-83F15F87FC40}.Debug|Any CPU.ActiveCfg = Debug|Any CPU
		{CB7CF38F-D45E-4DD2-B7F3-83F15F87FC40}.Debug|Any CPU.Build.0 = Debug|Any CPU
		{CB7CF38F-D45E-4DD2-B7F3-83F15F87FC40}.Release|Any CPU.ActiveCfg = Release|Any CPU
		{CB7CF38F-D45E-4DD2-B7F3-83F15F87FC40}.Release|Any CPU.Build.0 = Release|Any CPU
		{4F156BF2-0965-4433-86E0-419AD3B2A837}.Debug|Any CPU.ActiveCfg = Debug|Any CPU
		{4F156BF2-0965-4433-86E0-419AD3B2A837}.Debug|Any CPU.Build.0 = Debug|Any CPU
		{4F156BF2-0965-4433-86E0-419AD3B2A837}.Release|Any CPU.ActiveCfg = Release|Any CPU
		{4F156BF2-0965-4433-86E0-419AD3B2A837}.Release|Any CPU.Build.0 = Release|Any CPU
		{ED4EA95A-55F7-4B91-A055-15B7E47F552E}.Debug|Any CPU.ActiveCfg = Debug|Any CPU
		{ED4EA95A-55F7-4B91-A055-15B7E47F552E}.Debug|Any CPU.Build.0 = Debug|Any CPU
		{ED4EA95A-55F7-4B91-A055-15B7E47F552E}.Release|Any CPU.ActiveCfg = Release|Any CPU
		{ED4EA95A-55F7-4B91-A055-15B7E47F552E}.Release|Any CPU.Build.0 = Release|Any CPU
		{2C9260A1-9909-46F3-AEA2-227745119721}.Debug|Any CPU.ActiveCfg = Debug|Any CPU
		{2C9260A1-9909-46F3-AEA2-227745119721}.Debug|Any CPU.Build.0 = Debug|Any CPU
		{2C9260A1-9909-46F3-AEA2-227745119721}.Release|Any CPU.ActiveCfg = Release|Any CPU
		{2C9260A1-9909-46F3-AEA2-227745119721}.Release|Any CPU.Build.0 = Release|Any CPU
		{FF852ED0-C5D6-43AB-AF25-B020502E6F57}.Debug|Any CPU.ActiveCfg = Debug|Any CPU
		{FF852ED0-C5D6-43AB-AF25-B020502E6F57}.Debug|Any CPU.Build.0 = Debug|Any CPU
		{FF852ED0-C5D6-43AB-AF25-B020502E6F57}.Release|Any CPU.ActiveCfg = Release|Any CPU
		{FF852ED0-C5D6-43AB-AF25-B020502E6F57}.Release|Any CPU.Build.0 = Release|Any CPU
		{6A952341-8387-4B53-BE8C-37FFF380ECA6}.Debug|Any CPU.ActiveCfg = Debug|Any CPU
		{6A952341-8387-4B53-BE8C-37FFF380ECA6}.Debug|Any CPU.Build.0 = Debug|Any CPU
		{6A952341-8387-4B53-BE8C-37FFF380ECA6}.Release|Any CPU.ActiveCfg = Release|Any CPU
		{6A952341-8387-4B53-BE8C-37FFF380ECA6}.Release|Any CPU.Build.0 = Release|Any CPU
		{AE1C4AA1-F7AF-4B60-8C6C-356DE9027A8F}.Debug|Any CPU.ActiveCfg = Debug|Any CPU
		{AE1C4AA1-F7AF-4B60-8C6C-356DE9027A8F}.Debug|Any CPU.Build.0 = Debug|Any CPU
		{AE1C4AA1-F7AF-4B60-8C6C-356DE9027A8F}.Release|Any CPU.ActiveCfg = Release|Any CPU
		{AE1C4AA1-F7AF-4B60-8C6C-356DE9027A8F}.Release|Any CPU.Build.0 = Release|Any CPU
	EndGlobalSection
	GlobalSection(SolutionProperties) = preSolution
		HideSolutionNode = FALSE
	EndGlobalSection
	GlobalSection(ExtensibilityGlobals) = postSolution
		SolutionGuid = {9587FC98-1439-4594-A23C-CB2EC39D0154}
	EndGlobalSection
EndGlobal
